
Microsoft Visual Studio Solution File, Format Version 12.00
# Visual Studio Version 17
VisualStudioVersion = 17.1.32407.343
MinimumVisualStudioVersion = 10.0.40219.1
Project("{FAE04EC0-301F-11D3-BF4B-00C04F79EFBC}") = "HomeWork1", "HomeWork1\HomeWork1.csproj", "{E7C4BE9B-CB53-4DD8-AD04-8E6AEF819D6D}"
EndProject
Global
	GlobalSection(SolutionConfigurationPlatforms) = preSolution
		Debug|Any CPU = Debug|Any CPU
		Release|Any CPU = Release|Any CPU
	EndGlobalSection
	GlobalSection(ProjectConfigurationPlatforms) = postSolution
		{E7C4BE9B-CB53-4DD8-AD04-8E6AEF819D6D}.Debug|Any CPU.ActiveCfg = Debug|Any CPU
		{E7C4BE9B-CB53-4DD8-AD04-8E6AEF819D6D}.Debug|Any CPU.Build.0 = Debug|Any CPU
		{E7C4BE9B-CB53-4DD8-AD04-8E6AEF819D6D}.Release|Any CPU.ActiveCfg = Release|Any CPU
		{E7C4BE9B-CB53-4DD8-AD04-8E6AEF819D6D}.Release|Any CPU.Build.0 = Release|Any CPU
	EndGlobalSection
	GlobalSection(SolutionProperties) = preSolution
		HideSolutionNode = FALSE
	EndGlobalSection
	GlobalSection(ExtensibilityGlobals) = postSolution
		SolutionGuid = {959D8B58-C1BD-461A-A2CD-315148CD5FB1}
	EndGlobalSection
EndGlobal
