
Microsoft Visual Studio Solution File, Format Version 12.00
# Visual Studio Version 17
VisualStudioVersion = 17.1.32407.343
MinimumVisualStudioVersion = 10.0.40219.1
Project("{FAE04EC0-301F-11D3-BF4B-00C04F79EFBC}") = "HomeWork7-1", "HomeWork7-1\HomeWork7-1.csproj", "{BD98BBD4-66AD-4571-81EB-36A345E74F6C}"
EndProject
Global
	GlobalSection(SolutionConfigurationPlatforms) = preSolution
		Debug|Any CPU = Debug|Any CPU
		Release|Any CPU = Release|Any CPU
	EndGlobalSection
	GlobalSection(ProjectConfigurationPlatforms) = postSolution
		{BD98BBD4-66AD-4571-81EB-36A345E74F6C}.Debug|Any CPU.ActiveCfg = Debug|Any CPU
		{BD98BBD4-66AD-4571-81EB-36A345E74F6C}.Debug|Any CPU.Build.0 = Debug|Any CPU
		{BD98BBD4-66AD-4571-81EB-36A345E74F6C}.Release|Any CPU.ActiveCfg = Release|Any CPU
		{BD98BBD4-66AD-4571-81EB-36A345E74F6C}.Release|Any CPU.Build.0 = Release|Any CPU
	EndGlobalSection
	GlobalSection(SolutionProperties) = preSolution
		HideSolutionNode = FALSE
	EndGlobalSection
	GlobalSection(ExtensibilityGlobals) = postSolution
		SolutionGuid = {9E1DCE1D-5206-4E88-A887-130AFF9100B2}
	EndGlobalSection
EndGlobal
